
Microsoft Visual Studio Solution File, Format Version 12.00
Project("{2150E333-8FDC-42A3-9474-1A3956D46DE8}") = "src", "src", "{B15E18BD-CC20-4964-BB67-EA4E17DB9112}"
	ProjectSection(SolutionItems) = preProject
		Dockerfile = Dockerfile
		.dockerignore = .dockerignore
	EndProjectSection
EndProject
Project("{2150E333-8FDC-42A3-9474-1A3956D46DE8}") = "test", "test", "{F3D3DB82-8CE2-4BFC-B9EB-1060E46EF26E}"
EndProject
Project("{FAE04EC0-301F-11D3-BF4B-00C04F79EFBC}") = "Domain", "Domain\Domain.csproj", "{8F19F992-4908-46ED-A15A-E3FB14EF3050}"
EndProject
Project("{FAE04EC0-301F-11D3-BF4B-00C04F79EFBC}") = "WebAPI", "WebAPI\WebAPI.csproj", "{C0AB4AC2-1AF2-4AE7-BADF-685AF136DE6C}"
EndProject
Project("{FAE04EC0-301F-11D3-BF4B-00C04F79EFBC}") = "Application", "Application\Application.csproj", "{BC677798-52B7-45CF-8ACA-10775B9426F7}"
EndProject
Project("{FAE04EC0-301F-11D3-BF4B-00C04F79EFBC}") = "ApplicationTests", "ApplicationTests\ApplicationTests.csproj", "{848D5EB5-D988-4BF3-9861-6E84B5C65FE0}"
EndProject
Global
	GlobalSection(SolutionConfigurationPlatforms) = preSolution
		Debug|Any CPU = Debug|Any CPU
		Release|Any CPU = Release|Any CPU
	EndGlobalSection
	GlobalSection(NestedProjects) = preSolution
		{8F19F992-4908-46ED-A15A-E3FB14EF3050} = {B15E18BD-CC20-4964-BB67-EA4E17DB9112}
		{C0AB4AC2-1AF2-4AE7-BADF-685AF136DE6C} = {B15E18BD-CC20-4964-BB67-EA4E17DB9112}
		{BC677798-52B7-45CF-8ACA-10775B9426F7} = {B15E18BD-CC20-4964-BB67-EA4E17DB9112}
		{848D5EB5-D988-4BF3-9861-6E84B5C65FE0} = {F3D3DB82-8CE2-4BFC-B9EB-1060E46EF26E}
	EndGlobalSection
	GlobalSection(ProjectConfigurationPlatforms) = postSolution
		{8F19F992-4908-46ED-A15A-E3FB14EF3050}.Debug|Any CPU.ActiveCfg = Debug|Any CPU
		{8F19F992-4908-46ED-A15A-E3FB14EF3050}.Debug|Any CPU.Build.0 = Debug|Any CPU
		{8F19F992-4908-46ED-A15A-E3FB14EF3050}.Release|Any CPU.ActiveCfg = Release|Any CPU
		{8F19F992-4908-46ED-A15A-E3FB14EF3050}.Release|Any CPU.Build.0 = Release|Any CPU
		{C0AB4AC2-1AF2-4AE7-BADF-685AF136DE6C}.Debug|Any CPU.ActiveCfg = Debug|Any CPU
		{C0AB4AC2-1AF2-4AE7-BADF-685AF136DE6C}.Debug|Any CPU.Build.0 = Debug|Any CPU
		{C0AB4AC2-1AF2-4AE7-BADF-685AF136DE6C}.Release|Any CPU.ActiveCfg = Release|Any CPU
		{C0AB4AC2-1AF2-4AE7-BADF-685AF136DE6C}.Release|Any CPU.Build.0 = Release|Any CPU
		{BC677798-52B7-45CF-8ACA-10775B9426F7}.Debug|Any CPU.ActiveCfg = Debug|Any CPU
		{BC677798-52B7-45CF-8ACA-10775B9426F7}.Debug|Any CPU.Build.0 = Debug|Any CPU
		{BC677798-52B7-45CF-8ACA-10775B9426F7}.Release|Any CPU.ActiveCfg = Release|Any CPU
		{BC677798-52B7-45CF-8ACA-10775B9426F7}.Release|Any CPU.Build.0 = Release|Any CPU
		{848D5EB5-D988-4BF3-9861-6E84B5C65FE0}.Debug|Any CPU.ActiveCfg = Debug|Any CPU
		{848D5EB5-D988-4BF3-9861-6E84B5C65FE0}.Debug|Any CPU.Build.0 = Debug|Any CPU
		{848D5EB5-D988-4BF3-9861-6E84B5C65FE0}.Release|Any CPU.ActiveCfg = Release|Any CPU
		{848D5EB5-D988-4BF3-9861-6E84B5C65FE0}.Release|Any CPU.Build.0 = Release|Any CPU
	EndGlobalSection
EndGlobal
